Microsoft Visual Studio Solution File, Format Version 12.00
# Visual Studio 16
Project("{2150E333-8FDC-42A3-9474-1A3956D46DE8}") = "CMake", "CMake", "{696B7858-4415-3203-8656-DFB5F518E210}"
EndProject
Project("{2150E333-8FDC-42A3-9474-1A3956D46DE8}") = "SFML", "SFML", "{98FA99AF-85BC-309A-A642-A256060B655D}"
EndProject
Project("{8BC9CEB8-8B4A-11D0-8D11-00A0C91BC942}") = "ALL_BUILD", "ALL_BUILD.vcxproj", "{472D2047-A456-3C50-BC80-9D39A149806D}"
	ProjectSection(ProjectDependencies) = postProject
		{BAC62AA6-8036-3FC9-93F8-1C3478067E7B} = {BAC62AA6-8036-3FC9-93F8-1C3478067E7B}
		{9242C665-24D6-3245-939E-6070A4D15AA6} = {9242C665-24D6-3245-939E-6070A4D15AA6}
		{F1A7308A-6ABC-353F-99F7-FA09EBAEEFA6} = {F1A7308A-6ABC-353F-99F7-FA09EBAEEFA6}
		{E53382E9-0D6C-371C-B08D-0F5DA8CFE4B4} = {E53382E9-0D6C-371C-B08D-0F5DA8CFE4B4}
		{72F89DB1-5624-3A4E-8D89-18106AB59ADD} = {72F89DB1-5624-3A4E-8D89-18106AB59ADD}
		{3B6A8FCC-9383-3CA7-B6CD-F4296E654C8C} = {3B6A8FCC-9383-3CA7-B6CD-F4296E654C8C}
		{9EC794D6-0E3A-3C0F-9386-4843C95B29CD} = {9EC794D6-0E3A-3C0F-9386-4843C95B29CD}
	EndProjectSection
EndProject
Project("{8BC9CEB8-8B4A-11D0-8D11-00A0C91BC942}") = "INSTALL", "INSTALL.vcxproj", "{9E23FAD9-5389-3A5B-8C41-0C7D43C28253}"
	ProjectSection(ProjectDependencies) = postProject
		{472D2047-A456-3C50-BC80-9D39A149806D} = {472D2047-A456-3C50-BC80-9D39A149806D}
		{BAC62AA6-8036-3FC9-93F8-1C3478067E7B} = {BAC62AA6-8036-3FC9-93F8-1C3478067E7B}
	EndProjectSection
EndProject
Project("{8BC9CEB8-8B4A-11D0-8D11-00A0C91BC942}") = "ZERO_CHECK", "ZERO_CHECK.vcxproj", "{BAC62AA6-8036-3FC9-93F8-1C3478067E7B}"
	ProjectSection(ProjectDependencies) = postProject
	EndProjectSection
EndProject
Project("{8BC9CEB8-8B4A-11D0-8D11-00A0C91BC942}") = "sfml-audio", "src\SFML\Audio\sfml-audio.vcxproj", "{9242C665-24D6-3245-939E-6070A4D15AA6}"
	ProjectSection(ProjectDependencies) = postProject
		{BAC62AA6-8036-3FC9-93F8-1C3478067E7B} = {BAC62AA6-8036-3FC9-93F8-1C3478067E7B}
		{3B6A8FCC-9383-3CA7-B6CD-F4296E654C8C} = {3B6A8FCC-9383-3CA7-B6CD-F4296E654C8C}
	EndProjectSection
EndProject
Project("{8BC9CEB8-8B4A-11D0-8D11-00A0C91BC942}") = "sfml-graphics", "src\SFML\Graphics\sfml-graphics.vcxproj", "{F1A7308A-6ABC-353F-99F7-FA09EBAEEFA6}"
	ProjectSection(ProjectDependencies) = postProject
		{BAC62AA6-8036-3FC9-93F8-1C3478067E7B} = {BAC62AA6-8036-3FC9-93F8-1C3478067E7B}
		{3B6A8FCC-9383-3CA7-B6CD-F4296E654C8C} = {3B6A8FCC-9383-3CA7-B6CD-F4296E654C8C}
		{9EC794D6-0E3A-3C0F-9386-4843C95B29CD} = {9EC794D6-0E3A-3C0F-9386-4843C95B29CD}
	EndProjectSection
EndProject
Project("{8BC9CEB8-8B4A-11D0-8D11-00A0C91BC942}") = "sfml-main", "src\SFML\Main\sfml-main.vcxproj", "{E53382E9-0D6C-371C-B08D-0F5DA8CFE4B4}"
	ProjectSection(ProjectDependencies) = postProject
		{BAC62AA6-8036-3FC9-93F8-1C3478067E7B} = {BAC62AA6-8036-3FC9-93F8-1C3478067E7B}
	EndProjectSection
EndProject
Project("{8BC9CEB8-8B4A-11D0-8D11-00A0C91BC942}") = "sfml-network", "src\SFML\Network\sfml-network.vcxproj", "{72F89DB1-5624-3A4E-8D89-18106AB59ADD}"
	ProjectSection(ProjectDependencies) = postProject
		{BAC62AA6-8036-3FC9-93F8-1C3478067E7B} = {BAC62AA6-8036-3FC9-93F8-1C3478067E7B}
		{3B6A8FCC-9383-3CA7-B6CD-F4296E654C8C} = {3B6A8FCC-9383-3CA7-B6CD-F4296E654C8C}
	EndProjectSection
EndProject
Project("{8BC9CEB8-8B4A-11D0-8D11-00A0C91BC942}") = "sfml-system", "src\SFML\System\sfml-system.vcxproj", "{3B6A8FCC-9383-3CA7-B6CD-F4296E654C8C}"
	ProjectSection(ProjectDependencies) = postProject
		{BAC62AA6-8036-3FC9-93F8-1C3478067E7B} = {BAC62AA6-8036-3FC9-93F8-1C3478067E7B}
	EndProjectSection
EndProject
Project("{8BC9CEB8-8B4A-11D0-8D11-00A0C91BC942}") = "sfml-window", "src\SFML\Window\sfml-window.vcxproj", "{9EC794D6-0E3A-3C0F-9386-4843C95B29CD}"
	ProjectSection(ProjectDependencies) = postProject
		{BAC62AA6-8036-3FC9-93F8-1C3478067E7B} = {BAC62AA6-8036-3FC9-93F8-1C3478067E7B}
		{3B6A8FCC-9383-3CA7-B6CD-F4296E654C8C} = {3B6A8FCC-9383-3CA7-B6CD-F4296E654C8C}
	EndProjectSection
EndProject
Global
	GlobalSection(SolutionConfigurationPlatforms) = preSolution
		Debug|x64 = Debug|x64
		Release|x64 = Release|x64
		MinSizeRel|x64 = MinSizeRel|x64
		RelWithDebInfo|x64 = RelWithDebInfo|x64
	EndGlobalSection
	GlobalSection(ProjectConfigurationPlatforms) = postSolution
		{472D2047-A456-3C50-BC80-9D39A149806D}.Debug|x64.ActiveCfg = Debug|x64
		{472D2047-A456-3C50-BC80-9D39A149806D}.Debug|x64.Build.0 = Debug|x64
		{472D2047-A456-3C50-BC80-9D39A149806D}.Release|x64.ActiveCfg = Release|x64
		{472D2047-A456-3C50-BC80-9D39A149806D}.Release|x64.Build.0 = Release|x64
		{472D2047-A456-3C50-BC80-9D39A149806D}.MinSizeRel|x64.ActiveCfg = MinSizeRel|x64
		{472D2047-A456-3C50-BC80-9D39A149806D}.MinSizeRel|x64.Build.0 = MinSizeRel|x64
		{472D2047-A456-3C50-BC80-9D39A149806D}.RelWithDebInfo|x64.ActiveCfg = RelWithDebInfo|x64
		{472D2047-A456-3C50-BC80-9D39A149806D}.RelWithDebInfo|x64.Build.0 = RelWithDebInfo|x64
		{9E23FAD9-5389-3A5B-8C41-0C7D43C28253}.Debug|x64.ActiveCfg = Debug|x64
		{9E23FAD9-5389-3A5B-8C41-0C7D43C28253}.Release|x64.ActiveCfg = Release|x64
		{9E23FAD9-5389-3A5B-8C41-0C7D43C28253}.MinSizeRel|x64.ActiveCfg = MinSizeRel|x64
		{9E23FAD9-5389-3A5B-8C41-0C7D43C28253}.RelWithDebInfo|x64.ActiveCfg = RelWithDebInfo|x64
		{BAC62AA6-8036-3FC9-93F8-1C3478067E7B}.Debug|x64.ActiveCfg = Debug|x64
		{BAC62AA6-8036-3FC9-93F8-1C3478067E7B}.Debug|x64.Build.0 = Debug|x64
		{BAC62AA6-8036-3FC9-93F8-1C3478067E7B}.Release|x64.ActiveCfg = Release|x64
		{BAC62AA6-8036-3FC9-93F8-1C3478067E7B}.Release|x64.Build.0 = Release|x64
		{BAC62AA6-8036-3FC9-93F8-1C3478067E7B}.MinSizeRel|x64.ActiveCfg = MinSizeRel|x64
		{BAC62AA6-8036-3FC9-93F8-1C3478067E7B}.MinSizeRel|x64.Build.0 = MinSizeRel|x64
		{BAC62AA6-8036-3FC9-93F8-1C3478067E7B}.RelWithDebInfo|x64.ActiveCfg = RelWithDebInfo|x64
		{BAC62AA6-8036-3FC9-93F8-1C3478067E7B}.RelWithDebInfo|x64.Build.0 = RelWithDebInfo|x64
		{9242C665-24D6-3245-939E-6070A4D15AA6}.Debug|x64.ActiveCfg = Debug|x64
		{9242C665-24D6-3245-939E-6070A4D15AA6}.Debug|x64.Build.0 = Debug|x64
		{9242C665-24D6-3245-939E-6070A4D15AA6}.Release|x64.ActiveCfg = Release|x64
		{9242C665-24D6-3245-939E-6070A4D15AA6}.Release|x64.Build.0 = Release|x64
		{9242C665-24D6-3245-939E-6070A4D15AA6}.MinSizeRel|x64.ActiveCfg = MinSizeRel|x64
		{9242C665-24D6-3245-939E-6070A4D15AA6}.MinSizeRel|x64.Build.0 = MinSizeRel|x64
		{9242C665-24D6-3245-939E-6070A4D15AA6}.RelWithDebInfo|x64.ActiveCfg = RelWithDebInfo|x64
		{9242C665-24D6-3245-939E-6070A4D15AA6}.RelWithDebInfo|x64.Build.0 = RelWithDebInfo|x64
		{F1A7308A-6ABC-353F-99F7-FA09EBAEEFA6}.Debug|x64.ActiveCfg = Debug|x64
		{F1A7308A-6ABC-353F-99F7-FA09EBAEEFA6}.Debug|x64.Build.0 = Debug|x64
		{F1A7308A-6ABC-353F-99F7-FA09EBAEEFA6}.Release|x64.ActiveCfg = Release|x64
		{F1A7308A-6ABC-353F-99F7-FA09EBAEEFA6}.Release|x64.Build.0 = Release|x64
		{F1A7308A-6ABC-353F-99F7-FA09EBAEEFA6}.MinSizeRel|x64.ActiveCfg = MinSizeRel|x64
		{F1A7308A-6ABC-353F-99F7-FA09EBAEEFA6}.MinSizeRel|x64.Build.0 = MinSizeRel|x64
		{F1A7308A-6ABC-353F-99F7-FA09EBAEEFA6}.RelWithDebInfo|x64.ActiveCfg = RelWithDebInfo|x64
		{F1A7308A-6ABC-353F-99F7-FA09EBAEEFA6}.RelWithDebInfo|x64.Build.0 = RelWithDebInfo|x64
		{E53382E9-0D6C-371C-B08D-0F5DA8CFE4B4}.Debug|x64.ActiveCfg = Debug|x64
		{E53382E9-0D6C-371C-B08D-0F5DA8CFE4B4}.Debug|x64.Build.0 = Debug|x64
		{E53382E9-0D6C-371C-B08D-0F5DA8CFE4B4}.Release|x64.ActiveCfg = Release|x64
		{E53382E9-0D6C-371C-B08D-0F5DA8CFE4B4}.Release|x64.Build.0 = Release|x64
		{E53382E9-0D6C-371C-B08D-0F5DA8CFE4B4}.MinSizeRel|x64.ActiveCfg = MinSizeRel|x64
		{E53382E9-0D6C-371C-B08D-0F5DA8CFE4B4}.MinSizeRel|x64.Build.0 = MinSizeRel|x64
		{E53382E9-0D6C-371C-B08D-0F5DA8CFE4B4}.RelWithDebInfo|x64.ActiveCfg = RelWithDebInfo|x64
		{E53382E9-0D6C-371C-B08D-0F5DA8CFE4B4}.RelWithDebInfo|x64.Build.0 = RelWithDebInfo|x64
		{72F89DB1-5624-3A4E-8D89-18106AB59ADD}.Debug|x64.ActiveCfg = Debug|x64
		{72F89DB1-5624-3A4E-8D89-18106AB59ADD}.Debug|x64.Build.0 = Debug|x64
		{72F89DB1-5624-3A4E-8D89-18106AB59ADD}.Release|x64.ActiveCfg = Release|x64
		{72F89DB1-5624-3A4E-8D89-18106AB59ADD}.Release|x64.Build.0 = Release|x64
		{72F89DB1-5624-3A4E-8D89-18106AB59ADD}.MinSizeRel|x64.ActiveCfg = MinSizeRel|x64
		{72F89DB1-5624-3A4E-8D89-18106AB59ADD}.MinSizeRel|x64.Build.0 = MinSizeRel|x64
		{72F89DB1-5624-3A4E-8D89-18106AB59ADD}.RelWithDebInfo|x64.ActiveCfg = RelWithDebInfo|x64
		{72F89DB1-5624-3A4E-8D89-18106AB59ADD}.RelWithDebInfo|x64.Build.0 = RelWithDebInfo|x64
		{3B6A8FCC-9383-3CA7-B6CD-F4296E654C8C}.Debug|x64.ActiveCfg = Debug|x64
		{3B6A8FCC-9383-3CA7-B6CD-F4296E654C8C}.Debug|x64.Build.0 = Debug|x64
		{3B6A8FCC-9383-3CA7-B6CD-F4296E654C8C}.Release|x64.ActiveCfg = Release|x64
		{3B6A8FCC-9383-3CA7-B6CD-F4296E654C8C}.Release|x64.Build.0 = Release|x64
		{3B6A8FCC-9383-3CA7-B6CD-F4296E654C8C}.MinSizeRel|x64.ActiveCfg = MinSizeRel|x64
		{3B6A8FCC-9383-3CA7-B6CD-F4296E654C8C}.MinSizeRel|x64.Build.0 = MinSizeRel|x64
		{3B6A8FCC-9383-3CA7-B6CD-F4296E654C8C}.RelWithDebInfo|x64.ActiveCfg = RelWithDebInfo|x64
		{3B6A8FCC-9383-3CA7-B6CD-F4296E654C8C}.RelWithDebInfo|x64.Build.0 = RelWithDebInfo|x64
		{9EC794D6-0E3A-3C0F-9386-4843C95B29CD}.Debug|x64.ActiveCfg = Debug|x64
		{9EC794D6-0E3A-3C0F-9386-4843C95B29CD}.Debug|x64.Build.0 = Debug|x64
		{9EC794D6-0E3A-3C0F-9386-4843C95B29CD}.Release|x64.ActiveCfg = Release|x64
		{9EC794D6-0E3A-3C0F-9386-4843C95B29CD}.Release|x64.Build.0 = Release|x64
		{9EC794D6-0E3A-3C0F-9386-4843C95B29CD}.MinSizeRel|x64.ActiveCfg = MinSizeRel|x64
		{9EC794D6-0E3A-3C0F-9386-4843C95B29CD}.MinSizeRel|x64.Build.0 = MinSizeRel|x64
		{9EC794D6-0E3A-3C0F-9386-4843C95B29CD}.RelWithDebInfo|x64.ActiveCfg = RelWithDebInfo|x64
		{9EC794D6-0E3A-3C0F-9386-4843C95B29CD}.RelWithDebInfo|x64.Build.0 = RelWithDebInfo|x64
	EndGlobalSection
	GlobalSection(NestedProjects) = preSolution
		{472D2047-A456-3C50-BC80-9D39A149806D} = {696B7858-4415-3203-8656-DFB5F518E210}
		{9E23FAD9-5389-3A5B-8C41-0C7D43C28253} = {696B7858-4415-3203-8656-DFB5F518E210}
		{BAC62AA6-8036-3FC9-93F8-1C3478067E7B} = {696B7858-4415-3203-8656-DFB5F518E210}
		{9242C665-24D6-3245-939E-6070A4D15AA6} = {98FA99AF-85BC-309A-A642-A256060B655D}
		{F1A7308A-6ABC-353F-99F7-FA09EBAEEFA6} = {98FA99AF-85BC-309A-A642-A256060B655D}
		{E53382E9-0D6C-371C-B08D-0F5DA8CFE4B4} = {98FA99AF-85BC-309A-A642-A256060B655D}
		{72F89DB1-5624-3A4E-8D89-18106AB59ADD} = {98FA99AF-85BC-309A-A642-A256060B655D}
		{3B6A8FCC-9383-3CA7-B6CD-F4296E654C8C} = {98FA99AF-85BC-309A-A642-A256060B655D}
		{9EC794D6-0E3A-3C0F-9386-4843C95B29CD} = {98FA99AF-85BC-309A-A642-A256060B655D}
	EndGlobalSection
	GlobalSection(ExtensibilityGlobals) = postSolution
		SolutionGuid = {DAD40E8F-8DCE-365B-9D5F-6A8DC08BD6F3}
	EndGlobalSection
	GlobalSection(ExtensibilityAddIns) = postSolution
	EndGlobalSection
EndGlobal
