<?xml version="1.0" encoding="utf-8"?>
<Project ToolsVersion="16.0" xmlns="http://schemas.microsoft.com/developer/msbuild/2003">
  <ItemGroup>
    <CustomBuild Include="C:\Users\McDonald\source\repos\Snake\Dependencies\SFML\CMakeFiles\9e4f4ef3ccc6a7fb4f4c02dd48189eac\INSTALL_force.rule">
      <Filter>CMake Rules</Filter>
    </CustomBuild>
  </ItemGroup>
  <ItemGroup>
    <Filter Include="CMake Rules">
      <UniqueIdentifier>{2638F640-6CE6-3622-93E1-D73A6B160086}</UniqueIdentifier>
    </Filter>
  </ItemGroup>
</Project>
